
Microsoft Visual Studio Solution File, Format Version 12.00
# Visual Studio Version 17
VisualStudioVersion = 17.11.35312.102
MinimumVisualStudioVersion = 10.0.40219.1
Project("{9A19103F-16F7-4668-BE54-9A1E7A4F7556}") = "PhotoCopy", "PhotoCopy.csproj", "{BC5BAD8A-3D2E-472E-A3EE-748CDF75F16B}"
EndProject
Project("{FAE04EC0-301F-11D3-BF4B-00C04F79EFBC}") = "PhotoCopy.Tests", "PhotoCopy.Tests\PhotoCopy.Tests.csproj", "{DA75C7D5-92E5-4DEF-BDA3-35E3D8A31D6E}"
EndProject
Global
	GlobalSection(SolutionConfigurationPlatforms) = preSolution
		Debug|Any CPU = Debug|Any CPU
		Release|Any CPU = Release|Any CPU
	EndGlobalSection
	GlobalSection(ProjectConfigurationPlatforms) = postSolution
		{BC5BAD8A-3D2E-472E-A3EE-748CDF75F16B}.Debug|Any CPU.ActiveCfg = Debug|Any CPU
		{BC5BAD8A-3D2E-472E-A3EE-748CDF75F16B}.Debug|Any CPU.Build.0 = Debug|Any CPU
		{BC5BAD8A-3D2E-472E-A3EE-748CDF75F16B}.Release|Any CPU.ActiveCfg = Release|Any CPU
		{BC5BAD8A-3D2E-472E-A3EE-748CDF75F16B}.Release|Any CPU.Build.0 = Release|Any CPU
		{DA75C7D5-92E5-4DEF-BDA3-35E3D8A31D6E}.Debug|Any CPU.ActiveCfg = Debug|Any CPU
		{DA75C7D5-92E5-4DEF-BDA3-35E3D8A31D6E}.Debug|Any CPU.Build.0 = Debug|Any CPU
		{DA75C7D5-92E5-4DEF-BDA3-35E3D8A31D6E}.Release|Any CPU.ActiveCfg = Release|Any CPU
		{DA75C7D5-92E5-4DEF-BDA3-35E3D8A31D6E}.Release|Any CPU.Build.0 = Release|Any CPU
	EndGlobalSection
	GlobalSection(SolutionProperties) = preSolution
		HideSolutionNode = FALSE
	EndGlobalSection
	GlobalSection(ExtensibilityGlobals) = postSolution
		SolutionGuid = {386D268B-434A-428E-B09B-DDE426AD71F6}
	EndGlobalSection
EndGlobal
